
Microsoft Visual Studio Solution File, Format Version 12.00
# Visual Studio 2013
VisualStudioVersion = 12.0.21005.1
MinimumVisualStudioVersion = 10.0.40219.1
Project("{FAE04EC0-301F-11D3-BF4B-00C04F79EFBC}") = "AutofacMvcPluginDemo.Plugins", "AutofacMvcPluginDemo.Plugins\AutofacMvcPluginDemo.Plugins.csproj", "{60CDE073-CE8F-4390-A508-1B4394057AE0}"
EndProject
Project("{FAE04EC0-301F-11D3-BF4B-00C04F79EFBC}") = "AutofacMvcPluginDemo.Web", "AutofacMvcPluginDemo.Web\AutofacMvcPluginDemo.Web.csproj", "{9F621A18-BC3C-401E-8FB1-A0A2518319C1}"
EndProject
Project("{FAE04EC0-301F-11D3-BF4B-00C04F79EFBC}") = "AutofacMvcPluginDemo.Services", "AutofacMvcPluginDemo.Services\AutofacMvcPluginDemo.Services.csproj", "{C599475D-835D-4FBD-9A66-E2A1CD454774}"
EndProject
Global
	GlobalSection(SolutionConfigurationPlatforms) = preSolution
		Debug|Any CPU = Debug|Any CPU
		Release|Any CPU = Release|Any CPU
	EndGlobalSection
	GlobalSection(ProjectConfigurationPlatforms) = postSolution
		{60CDE073-CE8F-4390-A508-1B4394057AE0}.Debug|Any CPU.ActiveCfg = Debug|Any CPU
		{60CDE073-CE8F-4390-A508-1B4394057AE0}.Debug|Any CPU.Build.0 = Debug|Any CPU
		{60CDE073-CE8F-4390-A508-1B4394057AE0}.Release|Any CPU.ActiveCfg = Release|Any CPU
		{60CDE073-CE8F-4390-A508-1B4394057AE0}.Release|Any CPU.Build.0 = Release|Any CPU
		{9F621A18-BC3C-401E-8FB1-A0A2518319C1}.Debug|Any CPU.ActiveCfg = Debug|Any CPU
		{9F621A18-BC3C-401E-8FB1-A0A2518319C1}.Debug|Any CPU.Build.0 = Debug|Any CPU
		{9F621A18-BC3C-401E-8FB1-A0A2518319C1}.Release|Any CPU.ActiveCfg = Release|Any CPU
		{9F621A18-BC3C-401E-8FB1-A0A2518319C1}.Release|Any CPU.Build.0 = Release|Any CPU
		{C599475D-835D-4FBD-9A66-E2A1CD454774}.Debug|Any CPU.ActiveCfg = Debug|Any CPU
		{C599475D-835D-4FBD-9A66-E2A1CD454774}.Debug|Any CPU.Build.0 = Debug|Any CPU
		{C599475D-835D-4FBD-9A66-E2A1CD454774}.Release|Any CPU.ActiveCfg = Release|Any CPU
		{C599475D-835D-4FBD-9A66-E2A1CD454774}.Release|Any CPU.Build.0 = Release|Any CPU
	EndGlobalSection
	GlobalSection(SolutionProperties) = preSolution
		HideSolutionNode = FALSE
	EndGlobalSection
EndGlobal
